
Microsoft Visual Studio Solution File, Format Version 12.00
# Visual Studio 15
VisualStudioVersion = 15.0.28307.705
MinimumVisualStudioVersion = 10.0.40219.1
Project("{9A19103F-16F7-4668-BE54-9A1E7A4F7556}") = "HelloWorld-MVC", "AlmostEmptyWebsite\HelloWorld-MVC.csproj", "{C7207FE4-FC8E-4A96-84A2-5893ADD4601B}"
EndProject
Global
	GlobalSection(SolutionConfigurationPlatforms) = preSolution
		Debug|Any CPU = Debug|Any CPU
		Release|Any CPU = Release|Any CPU
	EndGlobalSection
	GlobalSection(ProjectConfigurationPlatforms) = postSolution
		{C7207FE4-FC8E-4A96-84A2-5893ADD4601B}.Debug|Any CPU.ActiveCfg = Debug|Any CPU
		{C7207FE4-FC8E-4A96-84A2-5893ADD4601B}.Debug|Any CPU.Build.0 = Debug|Any CPU
		{C7207FE4-FC8E-4A96-84A2-5893ADD4601B}.Release|Any CPU.ActiveCfg = Release|Any CPU
		{C7207FE4-FC8E-4A96-84A2-5893ADD4601B}.Release|Any CPU.Build.0 = Release|Any CPU
	EndGlobalSection
	GlobalSection(SolutionProperties) = preSolution
		HideSolutionNode = FALSE
	EndGlobalSection
	GlobalSection(ExtensibilityGlobals) = postSolution
		SolutionGuid = {EAB9C1F8-4569-4A51-9C88-DC28E995D6B8}
	EndGlobalSection
EndGlobal
